# This file is automatically @generated by Cargo.
# It is not intended for manual editing.
version = 3

[[package]]
name = "webview-gui-sys"
version = "0.1.0"

[[package]]
name = "webview_gui"
version = "0.1.0"

[[package]]
name = "webview_gui_demo"
version = "0.1.0"
dependencies = [
 "webview_gui",
]
